
Microsoft Visual Studio Solution File, Format Version 12.00
# Visual Studio Version 17
VisualStudioVersion = 17.0.31903.59
Project("{FAE04EC0-301F-11D3-BF4B-00C04F79EFBC}") = "GameServer", "src\GameServer\GameServer.csproj", "{E0131D8B-084C-4501-82A9-90DC8E50752A}"
EndProject
Project("{2150E333-8FDC-42A3-9474-1A3956D46DE8}") = "src", "src", "{63834C6C-24C2-4943-964B-801384A520C3}"
EndProject
Project("{FAE04EC0-301F-11D3-BF4B-00C04F79EFBC}") = "DummyClient", "src\DummyClient\DummyClient.csproj", "{4E7CFA4F-26C8-462F-807A-775BC142A5E6}"
EndProject
Project("{FAE04EC0-301F-11D3-BF4B-00C04F79EFBC}") = "ScenarioClient", "src\ScenarioClient\ScenarioClient.csproj", "{64A82394-3568-401D-AAD8-6A23F9D03FE5}"
EndProject
Global
	GlobalSection(SolutionConfigurationPlatforms) = preSolution
		Debug|Any CPU = Debug|Any CPU
		Debug|x64 = Debug|x64
		Debug|x86 = Debug|x86
		Release|Any CPU = Release|Any CPU
		Release|x64 = Release|x64
		Release|x86 = Release|x86
	EndGlobalSection
	GlobalSection(ProjectConfigurationPlatforms) = postSolution
		{E0131D8B-084C-4501-82A9-90DC8E50752A}.Debug|Any CPU.ActiveCfg = Debug|Any CPU
		{E0131D8B-084C-4501-82A9-90DC8E50752A}.Debug|Any CPU.Build.0 = Debug|Any CPU
		{E0131D8B-084C-4501-82A9-90DC8E50752A}.Debug|x64.ActiveCfg = Debug|Any CPU
		{E0131D8B-084C-4501-82A9-90DC8E50752A}.Debug|x64.Build.0 = Debug|Any CPU
		{E0131D8B-084C-4501-82A9-90DC8E50752A}.Debug|x86.ActiveCfg = Debug|Any CPU
		{E0131D8B-084C-4501-82A9-90DC8E50752A}.Debug|x86.Build.0 = Debug|Any CPU
		{E0131D8B-084C-4501-82A9-90DC8E50752A}.Release|Any CPU.ActiveCfg = Release|Any CPU
		{E0131D8B-084C-4501-82A9-90DC8E50752A}.Release|Any CPU.Build.0 = Release|Any CPU
		{E0131D8B-084C-4501-82A9-90DC8E50752A}.Release|x64.ActiveCfg = Release|Any CPU
		{E0131D8B-084C-4501-82A9-90DC8E50752A}.Release|x64.Build.0 = Release|Any CPU
		{E0131D8B-084C-4501-82A9-90DC8E50752A}.Release|x86.ActiveCfg = Release|Any CPU
		{E0131D8B-084C-4501-82A9-90DC8E50752A}.Release|x86.Build.0 = Release|Any CPU
		{4E7CFA4F-26C8-462F-807A-775BC142A5E6}.Debug|Any CPU.ActiveCfg = Debug|Any CPU
		{4E7CFA4F-26C8-462F-807A-775BC142A5E6}.Debug|Any CPU.Build.0 = Debug|Any CPU
		{4E7CFA4F-26C8-462F-807A-775BC142A5E6}.Debug|x64.ActiveCfg = Debug|Any CPU
		{4E7CFA4F-26C8-462F-807A-775BC142A5E6}.Debug|x64.Build.0 = Debug|Any CPU
		{4E7CFA4F-26C8-462F-807A-775BC142A5E6}.Debug|x86.ActiveCfg = Debug|Any CPU
		{4E7CFA4F-26C8-462F-807A-775BC142A5E6}.Debug|x86.Build.0 = Debug|Any CPU
		{4E7CFA4F-26C8-462F-807A-775BC142A5E6}.Release|Any CPU.ActiveCfg = Release|Any CPU
		{4E7CFA4F-26C8-462F-807A-775BC142A5E6}.Release|Any CPU.Build.0 = Release|Any CPU
		{4E7CFA4F-26C8-462F-807A-775BC142A5E6}.Release|x64.ActiveCfg = Release|Any CPU
		{4E7CFA4F-26C8-462F-807A-775BC142A5E6}.Release|x64.Build.0 = Release|Any CPU
		{4E7CFA4F-26C8-462F-807A-775BC142A5E6}.Release|x86.ActiveCfg = Release|Any CPU
		{4E7CFA4F-26C8-462F-807A-775BC142A5E6}.Release|x86.Build.0 = Release|Any CPU
		{64A82394-3568-401D-AAD8-6A23F9D03FE5}.Debug|Any CPU.ActiveCfg = Debug|Any CPU
		{64A82394-3568-401D-AAD8-6A23F9D03FE5}.Debug|Any CPU.Build.0 = Debug|Any CPU
		{64A82394-3568-401D-AAD8-6A23F9D03FE5}.Debug|x64.ActiveCfg = Debug|Any CPU
		{64A82394-3568-401D-AAD8-6A23F9D03FE5}.Debug|x64.Build.0 = Debug|Any CPU
		{64A82394-3568-401D-AAD8-6A23F9D03FE5}.Debug|x86.ActiveCfg = Debug|Any CPU
		{64A82394-3568-401D-AAD8-6A23F9D03FE5}.Debug|x86.Build.0 = Debug|Any CPU
		{64A82394-3568-401D-AAD8-6A23F9D03FE5}.Release|Any CPU.ActiveCfg = Release|Any CPU
		{64A82394-3568-401D-AAD8-6A23F9D03FE5}.Release|Any CPU.Build.0 = Release|Any CPU
		{64A82394-3568-401D-AAD8-6A23F9D03FE5}.Release|x64.ActiveCfg = Release|Any CPU
		{64A82394-3568-401D-AAD8-6A23F9D03FE5}.Release|x64.Build.0 = Release|Any CPU
		{64A82394-3568-401D-AAD8-6A23F9D03FE5}.Release|x86.ActiveCfg = Release|Any CPU
		{64A82394-3568-401D-AAD8-6A23F9D03FE5}.Release|x86.Build.0 = Release|Any CPU
	EndGlobalSection
	GlobalSection(SolutionProperties) = preSolution
		HideSolutionNode = FALSE
	EndGlobalSection
	GlobalSection(NestedProjects) = preSolution
		{4E7CFA4F-26C8-462F-807A-775BC142A5E6} = {63834C6C-24C2-4943-964B-801384A520C3}
		{64A82394-3568-401D-AAD8-6A23F9D03FE5} = {63834C6C-24C2-4943-964B-801384A520C3}
	EndGlobalSection
EndGlobal
